
Microsoft Visual Studio Solution File, Format Version 12.00
# Visual Studio 14
VisualStudioVersion = 14.0.23107.0
MinimumVisualStudioVersion = 10.0.40219.1
Project("{FAE04EC0-301F-11D3-BF4B-00C04F79EFBC}") = "CASHashTable", "CASHashTable\CASHashTable.csproj", "{89CD0421-3A73-4BE6-9344-943190C91284}"
EndProject
Project("{FAE04EC0-301F-11D3-BF4B-00C04F79EFBC}") = "Test", "Test\Test.csproj", "{D9934F00-4679-4862-8B71-3AA0EC397CA4}"
EndProject
Global
	GlobalSection(SolutionConfigurationPlatforms) = preSolution
		Debug|Any CPU = Debug|Any CPU
		Release|Any CPU = Release|Any CPU
	EndGlobalSection
	GlobalSection(ProjectConfigurationPlatforms) = postSolution
		{89CD0421-3A73-4BE6-9344-943190C91284}.Debug|Any CPU.ActiveCfg = Debug|Any CPU
		{89CD0421-3A73-4BE6-9344-943190C91284}.Debug|Any CPU.Build.0 = Debug|Any CPU
		{89CD0421-3A73-4BE6-9344-943190C91284}.Release|Any CPU.ActiveCfg = Release|Any CPU
		{89CD0421-3A73-4BE6-9344-943190C91284}.Release|Any CPU.Build.0 = Release|Any CPU
		{D9934F00-4679-4862-8B71-3AA0EC397CA4}.Debug|Any CPU.ActiveCfg = Debug|Any CPU
		{D9934F00-4679-4862-8B71-3AA0EC397CA4}.Debug|Any CPU.Build.0 = Debug|Any CPU
		{D9934F00-4679-4862-8B71-3AA0EC397CA4}.Release|Any CPU.ActiveCfg = Release|Any CPU
		{D9934F00-4679-4862-8B71-3AA0EC397CA4}.Release|Any CPU.Build.0 = Release|Any CPU
	EndGlobalSection
	GlobalSection(SolutionProperties) = preSolution
		HideSolutionNode = FALSE
	EndGlobalSection
	GlobalSection(TeamFoundationVersionControl) = preSolution
		SccNumberOfProjects = 3
		SccEnterpriseProvider = {4CA58AB2-18FA-4F8D-95D4-32DDF27D184C}
		SccTeamFoundationServer = https://daleiyang.visualstudio.com/defaultcollection
		SccProjectUniqueName0 = Test\\Test.csproj
		SccProjectName0 = Test
		SccLocalPath0 = Test
		SccProjectUniqueName1 = CASHashTable\\CASHashTable.csproj
		SccProjectName1 = CASHashTable
		SccLocalPath1 = CASHashTable
		SccLocalPath2 = .
	EndGlobalSection
EndGlobal
